{
  "lockfileVersion": 1,
  "configVersion": 1,
  "workspaces": {
    "": {
      "name": "spotibot-worker",
      "dependencies": {
        "@aws-sdk/client-s3": "^3.654.0",
        "@prisma/client": "^6.11.1",
        "bullmq": "^5.13.0",
        "ioredis": "^5.4.0",
        "z-ai-web-dev-sdk": "^0.0.18",
        "zod": "^4.0.0",
      },
      "devDependencies": {
        "tsx": "^4.19.0",
        "typescript": "^5.6.0",
      },
    },
  },
  "packages": {
    "@aws-sdk/checksums": ["@aws-sdk/checksums@3.1000.14", "", { "dependencies": { "@aws-sdk/core": "^3.974.29", "@aws-sdk/types": "^3.973.15", "@smithy/core": "^3.29.0", "@smithy/types": "^4.15.1", "tslib": "^2.6.2" } }, "sha512-9j0TSNmYVywV+shhBXXkIhaazZwZ+nDSGfG6V47nFLqXdk6mPYk/OJkV4+uRvIg2Ju5F6HTvgM/sfsuTsbAYwg=="],

    "@aws-sdk/client-s3": ["@aws-sdk/client-s3@3.1081.0", "", { "dependencies": { "@aws-sdk/checksums": "^3.1000.14", "@aws-sdk/core": "^3.974.29", "@aws-sdk/credential-provider-node": "^3.972.64", "@aws-sdk/middleware-sdk-s3": "^3.972.60", "@aws-sdk/signature-v4-multi-region": "^3.996.38", "@aws-sdk/types": "^3.973.15", "@smithy/core": "^3.29.0", "@smithy/fetch-http-handler": "^5.6.2", "@smithy/node-http-handler": "^4.9.2", "@smithy/types": "^4.15.1", "tslib": "^2.6.2" } }, "sha512-mHAdLBibsbFwcW2YHrH5sIQlaXjB3zha7Nkooa2gqTlXxRpVJ+ba/v/mg19B6rJeZmOEteRHFz+INOlAbCbxJg=="],

    "@aws-sdk/core": ["@aws-sdk/core@3.974.29", "", { "dependencies": { "@aws-sdk/types": "^3.973.15", "@aws-sdk/xml-builder": "^3.972.33", "@aws/lambda-invoke-store": "^0.3.0", "@smithy/core": "^3.29.0", "@smithy/signature-v4": "^5.6.1", "@smithy/types": "^4.15.1", "bowser": "^2.11.0", "tslib": "^2.6.2" } }, "sha512-yqKcltLbtRh1ubzhRSldIs8jFHNZlyMlgoIccCC0aDVbrB99nXaBdmfr89mK7obWX/NVg4rAMpCpZ6dCDiVBtA=="],

    "@aws-sdk/credential-provider-env": ["@aws-sdk/credential-provider-env@3.972.55", "", { "dependencies": { "@aws-sdk/core": "^3.974.29", "@aws-sdk/types": "^3.973.15", "@smithy/core": "^3.29.0", "@smithy/types": "^4.15.1", "tslib": "^2.6.2" } }, "sha512-Ah36tYkqyaVnaHkx7VseoTYrHUmwgBps3V+wnrC1idhIIMGlviH0FtrX9EIPdAlVHvXC7FQZLhmHBRz+pLaiWg=="],

    "@aws-sdk/credential-provider-http": ["@aws-sdk/credential-provider-http@3.972.57", "", { "dependencies": { "@aws-sdk/core": "^3.974.29", "@aws-sdk/types": "^3.973.15", "@smithy/core": "^3.29.0", "@smithy/fetch-http-handler": "^5.6.2", "@smithy/node-http-handler": "^4.9.2", "@smithy/types": "^4.15.1", "tslib": "^2.6.2" } }, "sha512-/vp6i5YEliJqRm5k/BDmYjAyRAMTdkjW6UciVRk9oh/0OfDCWeb/ih7hqte4lFvKXkIbsqe9AdK9LQK6NGardw=="],

    "@aws-sdk/credential-provider-ini": ["@aws-sdk/credential-provider-ini@3.972.62", "", { "dependencies": { "@aws-sdk/core": "^3.974.29", "@aws-sdk/credential-provider-env": "^3.972.55", "@aws-sdk/credential-provider-http": "^3.972.57", "@aws-sdk/credential-provider-login": "^3.972.61", "@aws-sdk/credential-provider-process": "^3.972.55", "@aws-sdk/credential-provider-sso": "^3.972.61", "@aws-sdk/credential-provider-web-identity": "^3.972.61", "@aws-sdk/nested-clients": "^3.997.29", "@aws-sdk/types": "^3.973.15", "@smithy/core": "^3.29.0", "@smithy/credential-provider-imds": "^4.4.5", "@smithy/types": "^4.15.1", "tslib": "^2.6.2" } }, "sha512-pQIRiQQs+MUlVnJdWJ7/6KS0WxcLRVfut57OFgwC3cnM1F8mXw3Kh4gAVwj6AtvD6CWx8x6+po4ENRcqe64XrQ=="],

    "@aws-sdk/credential-provider-login": ["@aws-sdk/credential-provider-login@3.972.61", "", { "dependencies": { "@aws-sdk/core": "^3.974.29", "@aws-sdk/nested-clients": "^3.997.29", "@aws-sdk/types": "^3.973.15", "@smithy/core": "^3.29.0", "@smithy/types": "^4.15.1", "tslib": "^2.6.2" } }, "sha512-jtrxWwC7slqxh7DnAWHrwsA3UwCsnlypdYtavGT7EX5p791wxWQys7QzkCZ7JvOMAyylDtPoxyV+ic0zg3rV9g=="],

    "@aws-sdk/credential-provider-node": ["@aws-sdk/credential-provider-node@3.972.64", "", { "dependencies": { "@aws-sdk/credential-provider-env": "^3.972.55", "@aws-sdk/credential-provider-http": "^3.972.57", "@aws-sdk/credential-provider-ini": "^3.972.62", "@aws-sdk/credential-provider-process": "^3.972.55", "@aws-sdk/credential-provider-sso": "^3.972.61", "@aws-sdk/credential-provider-web-identity": "^3.972.61", "@aws-sdk/types": "^3.973.15", "@smithy/core": "^3.29.0", "@smithy/credential-provider-imds": "^4.4.5", "@smithy/types": "^4.15.1", "tslib": "^2.6.2" } }, "sha512-zyKVYDyMR9VQL/kPi03ygN2vtD9uLMuWRLoJ77KxgZZaS1VlJloI+SzleF9Zg4HWUI+AIu+ZRs8zsJFNqbrxsw=="],

    "@aws-sdk/credential-provider-process": ["@aws-sdk/credential-provider-process@3.972.55", "", { "dependencies": { "@aws-sdk/core": "^3.974.29", "@aws-sdk/types": "^3.973.15", "@smithy/core": "^3.29.0", "@smithy/types": "^4.15.1", "tslib": "^2.6.2" } }, "sha512-x0XjjF0l1WGRtK2vEhTZqCguQuAIZLep9l2+eeEmuxQQjjD3BlGQXY5xADR+l3t576UX+dxRkRtTjEu40l81Vw=="],

    "@aws-sdk/credential-provider-sso": ["@aws-sdk/credential-provider-sso@3.972.61", "", { "dependencies": { "@aws-sdk/core": "^3.974.29", "@aws-sdk/nested-clients": "^3.997.29", "@aws-sdk/token-providers": "3.1081.0", "@aws-sdk/types": "^3.973.15", "@smithy/core": "^3.29.0", "@smithy/types": "^4.15.1", "tslib": "^2.6.2" } }, "sha512-d/V0VRsz73i+PHhbult/tx0Y1+de1SNQVsXkcQCmpfeBq7uODy/RTxNsOLpT9ZVHxcRNzbQFuywLKC33fUMIxA=="],

    "@aws-sdk/credential-provider-web-identity": ["@aws-sdk/credential-provider-web-identity@3.972.61", "", { "dependencies": { "@aws-sdk/core": "^3.974.29", "@aws-sdk/nested-clients": "^3.997.29", "@aws-sdk/types": "^3.973.15", "@smithy/core": "^3.29.0", "@smithy/types": "^4.15.1", "tslib": "^2.6.2" } }, "sha512-Bv4n3NOI6hPy+rmr6Bw9R6LnBVRkcp3ncj2E2IKSYJG+0UkysSitWMvbgndNvMxDw7gE1pQ/ErwkNceuKwj7zQ=="],

    "@aws-sdk/middleware-sdk-s3": ["@aws-sdk/middleware-sdk-s3@3.972.60", "", { "dependencies": { "@aws-sdk/core": "^3.974.29", "@aws-sdk/signature-v4-multi-region": "^3.996.38", "@aws-sdk/types": "^3.973.15", "@smithy/core": "^3.29.0", "@smithy/types": "^4.15.1", "tslib": "^2.6.2" } }, "sha512-f8SREKL6uQUYt8fwreiUgaAJQ31/M+UkWfJMDY/TBJC5FdHgNzxuvRFeZ9eMbnf2ydQ3p4pcKEhaLk35DDIPxw=="],

    "@aws-sdk/nested-clients": ["@aws-sdk/nested-clients@3.997.29", "", { "dependencies": { "@aws-sdk/core": "^3.974.29", "@aws-sdk/signature-v4-multi-region": "^3.996.38", "@aws-sdk/types": "^3.973.15", "@smithy/core": "^3.29.0", "@smithy/fetch-http-handler": "^5.6.2", "@smithy/node-http-handler": "^4.9.2", "@smithy/types": "^4.15.1", "tslib": "^2.6.2" } }, "sha512-ot6v8J5W8P0w6ryyuIkXP1bHZHTlvwtn83mVCYaBE0GJ6tJX4vPSBx7M98w9O4wmmDruFsDBUMjhEHA+OosUFQ=="],

    "@aws-sdk/signature-v4-multi-region": ["@aws-sdk/signature-v4-multi-region@3.996.38", "", { "dependencies": { "@aws-sdk/types": "^3.973.15", "@smithy/signature-v4": "^5.6.1", "@smithy/types": "^4.15.1", "tslib": "^2.6.2" } }, "sha512-C379Sk+MiFZCfWZphKlMyLHKxV22OjoGM5KJjj5IJNJcOCWL4IGIpnEGzv1FQiRwhYXfq55SJMfxlqPE08JJ9g=="],

    "@aws-sdk/token-providers": ["@aws-sdk/token-providers@3.1081.0", "", { "dependencies": { "@aws-sdk/core": "^3.974.29", "@aws-sdk/nested-clients": "^3.997.29", "@aws-sdk/types": "^3.973.15", "@smithy/core": "^3.29.0", "@smithy/types": "^4.15.1", "tslib": "^2.6.2" } }, "sha512-kduAeI6cL+zqwj3gjPh9LhuX7kBZ83msYxutavaR+UPm5K8J7iThJBvNRAsFNyWTji92CSU8dogUgvi9T0BehA=="],

    "@aws-sdk/types": ["@aws-sdk/types@3.973.15", "", { "dependencies": { "@smithy/types": "^4.15.1", "tslib": "^2.6.2" } }, "sha512-IULn8uBV/SMtmOIANsm4WHXIOtVPBWfOWs3WGL0j/sI+KhaYehvOw0ET+9urnn8MBpiijuU/0JOpuwKOE451PQ=="],

    "@aws-sdk/xml-builder": ["@aws-sdk/xml-builder@3.972.33", "", { "dependencies": { "@smithy/types": "^4.15.1", "tslib": "^2.6.2" } }, "sha512-ezbwz9WpuLctm6o7P2t2naDhVVPI5jFGrVefVybhcKGjU57VIyT46pQVO0RI2RYkUdhdj2Z9uSIlAzGZE9NW9A=="],

    "@aws/lambda-invoke-store": ["@aws/lambda-invoke-store@0.3.0", "", {}, "sha512-sl4Bm6yiMNYrZKkqqDFWN0UfnWhlS8ivKxrYl+6t0gCLrqr8y3B2IqZZbFRkfaVVp7C/baApyh71P+LeE1A2sQ=="],

    "@esbuild/aix-ppc64": ["@esbuild/aix-ppc64@0.28.1", "", { "os": "aix", "cpu": "ppc64" }, "sha512-Svl7tq8k/08+p6CXPpRjQ1fKX+1odH/BQbb48fV6fj3CWHhsoIOoY87w1oHXm0qEpkIK3ZfVgp0hed3XBXzXMQ=="],

    "@esbuild/android-arm": ["@esbuild/android-arm@0.28.1", "", { "os": "android", "cpu": "arm" }, "sha512-0k2F129Xdio1TdJfzJ8sy1Q47vUD2NnwdhiAf7drUN1EBTfPf4hsFCtmMgu/6m8JSzsBrlmVjudMBQqOfG8usQ=="],

    "@esbuild/android-arm64": ["@esbuild/android-arm64@0.28.1", "", { "os": "android", "cpu": "arm64" }, "sha512-34EGEbCIAgosYz6goLcopX6Mo7NyGv9tfwEM2/7Ce2VcVRk568iSvniGWcUXIy7wEDR1wzolcxcriFVrWYcwBg=="],

    "@esbuild/android-x64": ["@esbuild/android-x64@0.28.1", "", { "os": "android", "cpu": "x64" }, "sha512-dbwY7ltSMDWsRatcRpCnES4F+im88OCUgGZjy52shC7GqHRE/cYlxNbB4Z4UpJswpcc4Qxd2oE/ufM0p61IKng=="],

    "@esbuild/darwin-arm64": ["@esbuild/darwin-arm64@0.28.1", "", { "os": "darwin", "cpu": "arm64" }, "sha512-TZbWkQY7kvTAXbXUT7uVACR5cMHsDiSz9z7ZKAX/RTq/WJEk3QyRr0wZpNhBDX+/0CtdqUIJlOiodQcta6tY3Q=="],

    "@esbuild/darwin-x64": ["@esbuild/darwin-x64@0.28.1", "", { "os": "darwin", "cpu": "x64" }, "sha512-zfdzgK9ACBNZLI/CyHTOx81SyNbM6YXn7rxSgX97VjyiPl9W1i4Ka4fgKECEoFCKGpvBj5qArWIGgQjOwkgskQ=="],

    "@esbuild/freebsd-arm64": ["@esbuild/freebsd-arm64@0.28.1", "", { "os": "freebsd", "cpu": "arm64" }, "sha512-wG2EA8ENdEI0qhkSZMjfqrdY+ziCYCPMmtZjjIwOmXFjmyzEHn+UUxk5of+SYsjtfs3VpnlC7QLzSI5hY/rOAw=="],

    "@esbuild/freebsd-x64": ["@esbuild/freebsd-x64@0.28.1", "", { "os": "freebsd", "cpu": "x64" }, "sha512-i7dZ9vQgnvSCzi/rYCXNgtF/U+eKZNJBzu3eTQbRgHnM7tNSizLOkRFAl3qzVc/Op/u5YkHHa4pf/3DOYHthLQ=="],

    "@esbuild/linux-arm": ["@esbuild/linux-arm@0.28.1", "", { "os": "linux", "cpu": "arm" }, "sha512-qVXBOHQS+d5Y722GwJzJUtOLlX7km3CraOaGormF1pDtPd2C/l1SHRPgjLunLGe51Sh5YYWKMFDyV4SxgMQYTQ=="],

    "@esbuild/linux-arm64": ["@esbuild/linux-arm64@0.28.1", "", { "os": "linux", "cpu": "arm64" }, "sha512-yHs+0uc8+nvEAfAfxrWQKK5peSNzBc4PegcMO0EJ2hT71uA7vB8Ihg2e77R2P7SG5uYjPbHlLLmve4LLLRCf0g=="],

    "@esbuild/linux-ia32": ["@esbuild/linux-ia32@0.28.1", "", { "os": "linux", "cpu": "ia32" }, "sha512-d1z4ZuP0ajrfz/FhGT4vv278rX8KnPPJx8i5+AtK7TYbx9Le9F1hyzurZpkEyjkGa9dUGhQow4C1NmeGvqxN2w=="],

    "@esbuild/linux-loong64": ["@esbuild/linux-loong64@0.28.1", "", { "os": "linux", "cpu": "none" }, "sha512-M5sRjUVZrkm1OAPR3dlOYzNmN+loZKGVi1VUQGrwuqLcbR6qeAz+famMhjASeH3YVKvZz+zT1jlh/keC3Rj/lg=="],

    "@esbuild/linux-mips64el": ["@esbuild/linux-mips64el@0.28.1", "", { "os": "linux", "cpu": "none" }, "sha512-mRObBZeHh2OxcBFPWE/FjylkRgZdYuiTR3vaTozquCGOH14iP9oN4x4Ge81CoIDYQrXmIxpFumJBu5MtZpnQJQ=="],

    "@esbuild/linux-ppc64": ["@esbuild/linux-ppc64@0.28.1", "", { "os": "linux", "cpu": "ppc64" }, "sha512-slScBsMAb3GFDcdrCgLwZtPYRoH2H/youv10QiZyRjmsP48fznoveWytSgCI/R0ZcUgpc0ZhIUEx6LHts8yrfQ=="],

    "@esbuild/linux-riscv64": ["@esbuild/linux-riscv64@0.28.1", "", { "os": "linux", "cpu": "none" }, "sha512-kw0owk1o0GFETUJyW0jc0G4Yzs0BHZn0JDZ8JRT088vjJYX777BAs1fDGxAC+q831qOs2DTC96mNsG2opdfyyQ=="],

    "@esbuild/linux-s390x": ["@esbuild/linux-s390x@0.28.1", "", { "os": "linux", "cpu": "s390x" }, "sha512-/lAIjX8aYFRByhh6L5rYtPEDRqa9de/4V/juOXcta5frjvzXO4/sqEtyytse0g3zZFuWu5cDN0MkLz2qRDD2Ag=="],

    "@esbuild/linux-x64": ["@esbuild/linux-x64@0.28.1", "", { "os": "linux", "cpu": "x64" }, "sha512-u/anNYF2mmVOEDwLtnQ1wOr3EZ9sTNGLWrsYGYwHWzGA3Si84IOkHXlbWTD1NB+9/1lcnweYKO54uhxZydNzfA=="],

    "@esbuild/netbsd-arm64": ["@esbuild/netbsd-arm64@0.28.1", "", { "os": "none", "cpu": "arm64" }, "sha512-oks0DYbLwWMmaakTsCb+zL4E+aHRVLom9IJZOAthMQEPiQmydXHkziYEsGYRx0uNV/IjEKGAV941JzH02pflqw=="],

    "@esbuild/netbsd-x64": ["@esbuild/netbsd-x64@0.28.1", "", { "os": "none", "cpu": "x64" }, "sha512-aeL6lAnN89Hz43Mlh1G8ARasbuoYvSITDEx0tHh5b7jJnHcssqgjy9Yx430GDpmCa6OyrKoS0aNRjKundRizGg=="],

    "@esbuild/openbsd-arm64": ["@esbuild/openbsd-arm64@0.28.1", "", { "os": "openbsd", "cpu": "arm64" }, "sha512-MEFJe5C3R8pwXdZ5Y21oo6m7ePiS0d9pWucn99O/wvyJZChoIQKrQDxKrGeW8F5+T0okTHesAmDeiHDTIq0V/Q=="],

    "@esbuild/openbsd-x64": ["@esbuild/openbsd-x64@0.28.1", "", { "os": "openbsd", "cpu": "x64" }, "sha512-i/ZLIOafE0Z8cI/XANJAixoJL/uRAoS2xOA3rb0xN+KK0K177cMAsQYkzHtBrtMXAKuAc7HGgcWiZ/sRC1Nxgw=="],

    "@esbuild/openharmony-arm64": ["@esbuild/openharmony-arm64@0.28.1", "", { "os": "none", "cpu": "arm64" }, "sha512-ge+Z7EXFNt2BO1oAMsVpiQ8EwndV9i1xXerAeTIK7AtPs3bKFXQM7nlRxDSIUIMeueR1CNXxqztLzdNeReKBJg=="],

    "@esbuild/sunos-x64": ["@esbuild/sunos-x64@0.28.1", "", { "os": "sunos", "cpu": "x64" }, "sha512-BEjgtECkL3vY+SaSQ6nzVfiALUeFxpawyp8Jmf5PtYhf1Ug40N1h/hxlhts+f1FvSvarEigdxS3BlSMI2PJLcQ=="],

    "@esbuild/win32-arm64": ["@esbuild/win32-arm64@0.28.1", "", { "os": "win32", "cpu": "arm64" }, "sha512-lCv9eK/H6ZJWbE7bh2nw54CZ9M2nupBxJcTsdk/QQnWkdSjKGuxmmH8/GWrlT1eMmZfn4dGcCjRte397WqfQXA=="],

    "@esbuild/win32-ia32": ["@esbuild/win32-ia32@0.28.1", "", { "os": "win32", "cpu": "ia32" }, "sha512-zvb/mB2bSCoJOpoCBgYKKpX6YM6mJBlBUVUtVj41DlZJVEB6/0CKlRYxP5wWl1C1ILiCoAU5wZZ4q1P3qeS6Eg=="],

    "@esbuild/win32-x64": ["@esbuild/win32-x64@0.28.1", "", { "os": "win32", "cpu": "x64" }, "sha512-bm4Mowrv+GXMlpWX++EcXw/iLyd1o3+bJkC2DkWXYVvgZCqD/bSj9ctZeAMC3cIxgjRVR2Dufaiu4YPxr5gW1A=="],

    "@ioredis/commands": ["@ioredis/commands@1.10.0", "", {}, "sha512-UmeW7z4LfctwoQ5wkhVzgq8tXkreED2xZGpX+Bg+zA+WJFZCT6c062AfCK/Dfk81xZnnwdhJCUMkitihRaoC2Q=="],

    "@msgpackr-extract/msgpackr-extract-darwin-arm64": ["@msgpackr-extract/msgpackr-extract-darwin-arm64@3.0.4", "", { "os": "darwin", "cpu": "arm64" }, "sha512-LCkGo6JDfaBhgST7UpPWgNgLINpcpabaHfyz5OBx75nUYxBsaEPxjnyNjWpeb/xBup/682QnBfRBy2/LvPutZQ=="],

    "@msgpackr-extract/msgpackr-extract-darwin-x64": ["@msgpackr-extract/msgpackr-extract-darwin-x64@3.0.4", "", { "os": "darwin", "cpu": "x64" }, "sha512-zExlW9zUJKZH/tOtVMttwjKa4Xm/3KcNjnE3dPN92uCktwavMxpgCA3MoJK/DOnTWsQgo224OaST27/mPNAf+w=="],

    "@msgpackr-extract/msgpackr-extract-linux-arm": ["@msgpackr-extract/msgpackr-extract-linux-arm@3.0.4", "", { "os": "linux", "cpu": "arm" }, "sha512-Tg3yX65f5GbtXLkrYEHE5oibZG9epyYWas7FogTTEJeDEF9JlXJzKgXaNhT3UXlTOeA+AfZpYZYZ0uPj7Cfquw=="],

    "@msgpackr-extract/msgpackr-extract-linux-arm64": ["@msgpackr-extract/msgpackr-extract-linux-arm64@3.0.4", "", { "os": "linux", "cpu": "arm64" }, "sha512-dgX0P/9wGPJeHFBG+ZmhgE6bmtMt7NP5CRBGyyktpopdk/mW4POnrpQsSLtKI1dwpc+pPLuXHDh6vvskyQE/sw=="],

    "@msgpackr-extract/msgpackr-extract-linux-x64": ["@msgpackr-extract/msgpackr-extract-linux-x64@3.0.4", "", { "os": "linux", "cpu": "x64" }, "sha512-8TNXMEjJc3QEy7R/x1INhgiU+XakDAFUzBhaz7+Rbrs8NH5UQeHQxxmzsSBJGyV6I1jW79undiQm8tOI+D+8FQ=="],

    "@msgpackr-extract/msgpackr-extract-win32-x64": ["@msgpackr-extract/msgpackr-extract-win32-x64@3.0.4", "", { "os": "win32", "cpu": "x64" }, "sha512-CmCXPQrkbwExx3j946/PtHWHbYJiCRBRDl4BlkRQcJB/YOwQxJRTpoo7aTsortjgoJ1x7opzTSxn7C+ASSLVjQ=="],

    "@prisma/client": ["@prisma/client@6.19.3", "", { "peerDependencies": { "prisma": "*", "typescript": ">=5.1.0" }, "optionalPeers": ["prisma", "typescript"] }, "sha512-mKq3jQFhjvko5LTJFHGilsuQs+W+T3Gm451NzuTDGQxwCzwXHYnIu2zGkRoW+Exq3Rob7yp2MfzSrdIiZVhrBg=="],

    "@smithy/core": ["@smithy/core@3.29.2", "", { "dependencies": { "@smithy/types": "^4.16.0", "tslib": "^2.6.2" } }, "sha512-DXUk6yU0C1Q1tYvJh1VCtl8QOBcSoZpKwjTPkxT6A4MUQYHvgeKGByL8mrEdxnvhdf9nq5GyzmRb5n/vPgu3Lw=="],

    "@smithy/credential-provider-imds": ["@smithy/credential-provider-imds@4.4.7", "", { "dependencies": { "@smithy/core": "^3.29.2", "@smithy/types": "^4.16.0", "tslib": "^2.6.2" } }, "sha512-UEMLOoA0Fl4uYBxh6l0uN0H6EJe/A89OGeDNTteQeXpJ20BcpfIr4wlCY9pel1jEAUHAxaYwuqrYlrKdXE1GKQ=="],

    "@smithy/fetch-http-handler": ["@smithy/fetch-http-handler@5.6.4", "", { "dependencies": { "@smithy/core": "^3.29.2", "@smithy/types": "^4.16.0", "tslib": "^2.6.2" } }, "sha512-psnst7NZWdAEvJvyW8YZEE7xNVMyLrQFfHtyrVFrxNyy+dKWkQ+rqC6oI5ZhxThpUy9RSfEshgm34zqbOxzsRw=="],

    "@smithy/node-http-handler": ["@smithy/node-http-handler@4.9.4", "", { "dependencies": { "@smithy/core": "^3.29.2", "@smithy/types": "^4.16.0", "tslib": "^2.6.2" } }, "sha512-BNTop/fSOptmoVk8g+efwHCofFh37g70OWGAFES1TeAAJja1K5aAI8rTE26ETSc5k8IQuWY2kAIoPla01NgYrA=="],

    "@smithy/signature-v4": ["@smithy/signature-v4@5.6.3", "", { "dependencies": { "@smithy/core": "^3.29.2", "@smithy/types": "^4.16.0", "tslib": "^2.6.2" } }, "sha512-8qVKKzqh7naF27ePmx0SkUfnGP/wBI9dyaeAmhHvopnbIlItUAmB/e6PkPCU3rRb2v9BY8D4EZXSoydSibatvw=="],

    "@smithy/types": ["@smithy/types@4.16.0", "", { "dependencies": { "tslib": "^2.6.2" } }, "sha512-aVUabzlBBmY0PfvVgLKQSOGFIL5/7R54JE3uD9a5Ay/jSED61SkuAcCYENNXJzYUvJ1NPrWO0P+rAXHCkbBUKw=="],

    "bowser": ["bowser@2.14.1", "", {}, "sha512-tzPjzCxygAKWFOJP011oxFHs57HzIhOEracIgAePE4pqB3LikALKnSzUyU4MGs9/iCEUuHlAJTjTc5M+u7YEGg=="],

    "bullmq": ["bullmq@5.79.3", "", { "dependencies": { "cron-parser": "4.9.0", "ioredis": "5.10.1", "msgpackr": "2.0.4", "node-abort-controller": "3.1.1", "semver": "7.8.5", "tslib": "2.8.1" }, "peerDependencies": { "redis": ">=5.0.0" }, "optionalPeers": ["redis"] }, "sha512-ol/zGeYw1AOKVWCgqGbElGAcvpO8ijc0qmTigXveEBOh+6yCiSwAG3ISI8zYW9Yu3sijnt58O/3JNtJGUYebLA=="],

    "cluster-key-slot": ["cluster-key-slot@1.1.1", "", {}, "sha512-rwHwUfXL40Chm1r08yrhU3qpUvdVlgkKNeyeGPOxnW8/SyVDvgRaed/Uz54AqWNaTCAThlj6QAs3TZcKI0xDEw=="],

    "cron-parser": ["cron-parser@4.9.0", "", { "dependencies": { "luxon": "^3.2.1" } }, "sha512-p0SaNjrHOnQeR8/VnfGbmg9te2kfyYSQ7Sc/j/6DtPL3JQvKxmjO9TSjNFpujqV3vEYYBvNNvXSxzyksBWAx1Q=="],

    "debug": ["debug@4.4.3", "", { "dependencies": { "ms": "^2.1.3" }, "peerDependencies": { "supports-color": "*" }, "optionalPeers": ["supports-color"] }, "sha512-RGwwWnwQvkVfavKVt22FGLw+xYSdzARwm0ru6DhTVA3umU5hZc28V3kO4stgYryrTlLpuvgI9GiijltAjNbcqA=="],

    "denque": ["denque@2.1.0", "", {}, "sha512-HVQE3AAb/pxF8fQAoiqpvg9i3evqug3hoiwakOyZAwJm+6vZehbkYXZ0l4JxS+I3QxM97v5aaRNhj8v5oBhekw=="],

    "detect-libc": ["detect-libc@2.1.2", "", {}, "sha512-Btj2BOOO83o3WyH59e8MgXsxEQVcarkUOpEYrubB0urwnN10yQ364rsiByU11nZlqWYZm05i/of7io4mzihBtQ=="],

    "esbuild": ["esbuild@0.28.1", "", { "optionalDependencies": { "@esbuild/aix-ppc64": "0.28.1", "@esbuild/android-arm": "0.28.1", "@esbuild/android-arm64": "0.28.1", "@esbuild/android-x64": "0.28.1", "@esbuild/darwin-arm64": "0.28.1", "@esbuild/darwin-x64": "0.28.1", "@esbuild/freebsd-arm64": "0.28.1", "@esbuild/freebsd-x64": "0.28.1", "@esbuild/linux-arm": "0.28.1", "@esbuild/linux-arm64": "0.28.1", "@esbuild/linux-ia32": "0.28.1", "@esbuild/linux-loong64": "0.28.1", "@esbuild/linux-mips64el": "0.28.1", "@esbuild/linux-ppc64": "0.28.1", "@esbuild/linux-riscv64": "0.28.1", "@esbuild/linux-s390x": "0.28.1", "@esbuild/linux-x64": "0.28.1", "@esbuild/netbsd-arm64": "0.28.1", "@esbuild/netbsd-x64": "0.28.1", "@esbuild/openbsd-arm64": "0.28.1", "@esbuild/openbsd-x64": "0.28.1", "@esbuild/openharmony-arm64": "0.28.1", "@esbuild/sunos-x64": "0.28.1", "@esbuild/win32-arm64": "0.28.1", "@esbuild/win32-ia32": "0.28.1", "@esbuild/win32-x64": "0.28.1" }, "bin": { "esbuild": "bin/esbuild" } }, "sha512-HrJrvZv5ayxBzPfwphOoNzkzOIIlifzk0KJrGK2c8R4+LKpMtpYLQeUdjnwjWv/LZlkH2laZk+4w78pi99D4Vw=="],

    "fsevents": ["fsevents@2.3.3", "", { "os": "darwin" }, "sha512-5xoDfX+fL7faATnagmWPpbFtwh/R77WmMMqqHGS65C3vvB0YHrgF+B1YmZ3441tMj5n63k0212XNoJwzlhffQw=="],

    "ioredis": ["ioredis@5.11.1", "", { "dependencies": { "@ioredis/commands": "1.10.0", "cluster-key-slot": "1.1.1", "debug": "4.4.3", "denque": "2.1.0", "redis-errors": "1.2.0", "redis-parser": "3.0.0", "standard-as-callback": "2.1.0" } }, "sha512-ehuGcf94bQXhfagULNXrJdfnWO38v070jxSx/qE87Kjzmu2fU7ro5EFAb+OPituLqgfyuQaym5DlrNydW2sJ9A=="],

    "lodash.defaults": ["lodash.defaults@4.2.0", "", {}, "sha512-qjxPLHd3r5DnsdGacqOMU6pb/avJzdh9tFX2ymgoZE27BmjXrNy/y4LoaiTeAb+O3gL8AfpJGtqfX/ae2leYYQ=="],

    "lodash.isarguments": ["lodash.isarguments@3.1.0", "", {}, "sha512-chi4NHZlZqZD18a0imDHnZPrDeBbTtVN7GXMwuGdRH9qotxAjYs3aVLKc7zNOG9eddR5Ksd8rvFEBc9SsggPpg=="],

    "luxon": ["luxon@3.7.2", "", {}, "sha512-vtEhXh/gNjI9Yg1u4jX/0YVPMvxzHuGgCm6tC5kZyb08yjGWGnqAjGJvcXbqQR2P3MyMEFnRbpcdFS6PBcLqew=="],

    "ms": ["ms@2.1.3", "", {}, "sha512-6FlzubTLZG3J2a/NVCAleEhjzq5oxgHyaCU9yYXvcLsvoVaHJq/s5xXI6/XXP6tz7R9xAOtHnSO/tXtF3WRTlA=="],

    "msgpackr": ["msgpackr@2.0.4", "", { "optionalDependencies": { "msgpackr-extract": "^3.0.4" } }, "sha512-o1C5KRmuRt+apqMr1HuGSqWStZoRBUpEsCsl15uM9VdAF1qHLtvMOU2En747EnTyEl6c4pzPewRMFF31s1CNbA=="],

    "msgpackr-extract": ["msgpackr-extract@3.0.4", "", { "dependencies": { "node-gyp-build-optional-packages": "5.2.2" }, "optionalDependencies": { "@msgpackr-extract/msgpackr-extract-darwin-arm64": "3.0.4", "@msgpackr-extract/msgpackr-extract-darwin-x64": "3.0.4", "@msgpackr-extract/msgpackr-extract-linux-arm": "3.0.4", "@msgpackr-extract/msgpackr-extract-linux-arm64": "3.0.4", "@msgpackr-extract/msgpackr-extract-linux-x64": "3.0.4", "@msgpackr-extract/msgpackr-extract-win32-x64": "3.0.4" }, "bin": { "download-msgpackr-prebuilds": "bin/download-prebuilds.js" } }, "sha512-4kmO/MdyUIkLIvTPr8VHLil4AtoKIoniWPIEk5+CDy0xnWC84azhSFmuJ7PxZdsYtiP5kEeQsORAVIeMgxT+Hw=="],

    "node-abort-controller": ["node-abort-controller@3.1.1", "", {}, "sha512-AGK2yQKIjRuqnc6VkX2Xj5d+QW8xZ87pa1UK6yA6ouUyuxfHuMP6umE5QK7UmTeOAymo+Zx1Fxiuw9rVx8taHQ=="],

    "node-gyp-build-optional-packages": ["node-gyp-build-optional-packages@5.2.2", "", { "dependencies": { "detect-libc": "^2.0.1" }, "bin": { "node-gyp-build-optional-packages": "bin.js", "node-gyp-build-optional-packages-optional": "optional.js", "node-gyp-build-optional-packages-test": "build-test.js" } }, "sha512-s+w+rBWnpTMwSFbaE0UXsRlg7hU4FjekKU4eyAih5T8nJuNZT1nNsskXpxmeqSK9UzkBl6UgRlnKc8hz8IEqOw=="],

    "redis-errors": ["redis-errors@1.2.0", "", {}, "sha512-1qny3OExCf0UvUV/5wpYKf2YwPcOqXzkwKKSmKHiE6ZMQs5heeE/c8eXK+PNllPvmjgAbfnsbpkGZWy8cBpn9w=="],

    "redis-parser": ["redis-parser@3.0.0", "", { "dependencies": { "redis-errors": "^1.0.0" } }, "sha512-DJnGAeenTdpMEH6uAJRK/uiyEIH9WVsUmoLwzudwGJUwZPp80PDBWPHXSAGNPwNvIXAbe7MSUB1zQFugFml66A=="],

    "semver": ["semver@7.8.5", "", { "bin": { "semver": "bin/semver.js" } }, "sha512-Y7/KDsb8LjooZpwaqGyulO6DQlksgCncchHGk+sZIY4SBvUocMBEFH5Ur1fI4dV+Jvl0w6cjvucaIi40puRioA=="],

    "standard-as-callback": ["standard-as-callback@2.1.0", "", {}, "sha512-qoRRSyROncaz1z0mvYqIE4lCd9p2R90i6GxW3uZv5ucSu8tU7B5HXUP1gG8pVZsYNVaXjk8ClXHPttLyxAL48A=="],

    "tslib": ["tslib@2.8.1", "", {}, "sha512-oJFu94HQb+KVduSUQL7wnpmqnfmLsOA/nAh6b6EH0wCEoK0/mPeXU6c3wKDV83MkOuHPRHtSXKKU99IBazS/2w=="],

    "tsx": ["tsx@4.23.0", "", { "dependencies": { "esbuild": "~0.28.0" }, "optionalDependencies": { "fsevents": "~2.3.3" }, "bin": { "tsx": "dist/cli.mjs" } }, "sha512-eUdUIaCr963q2h5u3+QwvYp0+eqPvn+egeqZUm0hwERCqqx1E3kK5ehbGCvqSE5MQAULr67ww0cA3jKc3YkM1w=="],

    "typescript": ["typescript@5.9.3", "", { "bin": { "tsc": "bin/tsc", "tsserver": "bin/tsserver" } }, "sha512-jl1vZzPDinLr9eUt3J/t7V6FgNEw9QjvBPdysz9KfQDD41fQrC2Y4vKQdiaUpFT4bXlb1RHhLpp8wtm6M5TgSw=="],

    "z-ai-web-dev-sdk": ["z-ai-web-dev-sdk@0.0.18", "", { "bin": { "z-ai": "dist/cli.js", "z-ai-generate": "dist/cli.js" } }, "sha512-xVoZIEME2F+/Z06orHCgUKzOMuFPhoHuzN4ZFZqcD71g11nzbzq2jKSP53igi3lJFE8ZbMB4WKb4gp6lCGrMXQ=="],

    "zod": ["zod@4.4.3", "", {}, "sha512-ytENFjIJFl2UwYglde2jchW2Hwm4GJFLDiSXWdTrJQBIN9Fcyp7n4DhxJEiWNAJMV1/BqWfW/kkg71UDcHJyTQ=="],

    "bullmq/ioredis": ["ioredis@5.10.1", "", { "dependencies": { "@ioredis/commands": "1.5.1", "cluster-key-slot": "^1.1.0", "debug": "^4.3.4", "denque": "^2.1.0", "lodash.defaults": "^4.2.0", "lodash.isarguments": "^3.1.0", "redis-errors": "^1.2.0", "redis-parser": "^3.0.0", "standard-as-callback": "^2.1.0" } }, "sha512-HuEDBTI70aYdx1v6U97SbNx9F1+svQKBDo30o0b9fw055LMepzpOOd0Ccg9Q6tbqmBSJaMuY0fB7yw9/vjBYCA=="],

    "bullmq/ioredis/@ioredis/commands": ["@ioredis/commands@1.5.1", "", {}, "sha512-JH8ZL/ywcJyR9MmJ5BNqZllXNZQqQbnVZOqpPQqE1vHiFgAw4NHbvE0FOduNU8IX9babitBT46571OnPTT0Zcw=="],
  }
}
